{
    "_readme": [
        "This file locks the dependencies of your project to a known state",
        "Read more about it at https://getcomposer.org/doc/01-basic-usage.md#installing-dependencies",
        "This file is @generated automatically"
    ],
    "content-hash": "dc484e88985012eb186fd55ec716ff85",
    "packages": [
        {
            "name": "leovie/dto-repository",
            "version": "dev-main",
            "dist": {
                "type": "path",
                "url": "../DTO-repository",
                "reference": "970ffaa5fd9f5ba1ea8cd117ecbdadc93900c1f9"
            },
            "type": "library",
            "autoload": {
                "psr-4": {
                    "LeoVie\\DTORepository\\": "src/"
                }
            },
            "transport-options": {
                "symlink": false,
                "relative": true
            }
        }
    ],
    "packages-dev": [],
    "aliases": [],
    "minimum-stability": "stable",
    "stability-flags": {
        "leovie/dto-repository": 20
    },
    "prefer-stable": false,
    "prefer-lowest": false,
    "platform": [],
    "platform-dev": [],
    "plugin-api-version": "2.3.0"
}
